
Microsoft Visual Studio Solution File, Format Version 12.00
# Visual Studio Version 16
VisualStudioVersion = 16.0.31702.278
MinimumVisualStudioVersion = 10.0.40219.1
Project("{FAE04EC0-301F-11D3-BF4B-00C04F79EFBC}") = "OOPAndFiles", "OOPAndFiles\OOPAndFiles.csproj", "{94A10523-76EB-4673-9C2C-062BEF2D0806}"
EndProject
Project("{FAE04EC0-301F-11D3-BF4B-00C04F79EFBC}") = "Frozen", "Frozen\Frozen.csproj", "{B81F4826-97E2-4BC8-A831-DE1AB2311AC6}"
EndProject
Global
	GlobalSection(SolutionConfigurationPlatforms) = preSolution
		Debug|Any CPU = Debug|Any CPU
		Release|Any CPU = Release|Any CPU
	EndGlobalSection
	GlobalSection(ProjectConfigurationPlatforms) = postSolution
		{94A10523-76EB-4673-9C2C-062BEF2D0806}.Debug|Any CPU.ActiveCfg = Debug|Any CPU
		{94A10523-76EB-4673-9C2C-062BEF2D0806}.Debug|Any CPU.Build.0 = Debug|Any CPU
		{94A10523-76EB-4673-9C2C-062BEF2D0806}.Release|Any CPU.ActiveCfg = Release|Any CPU
		{94A10523-76EB-4673-9C2C-062BEF2D0806}.Release|Any CPU.Build.0 = Release|Any CPU
		{B81F4826-97E2-4BC8-A831-DE1AB2311AC6}.Debug|Any CPU.ActiveCfg = Debug|Any CPU
		{B81F4826-97E2-4BC8-A831-DE1AB2311AC6}.Debug|Any CPU.Build.0 = Debug|Any CPU
		{B81F4826-97E2-4BC8-A831-DE1AB2311AC6}.Release|Any CPU.ActiveCfg = Release|Any CPU
		{B81F4826-97E2-4BC8-A831-DE1AB2311AC6}.Release|Any CPU.Build.0 = Release|Any CPU
	EndGlobalSection
	GlobalSection(SolutionProperties) = preSolution
		HideSolutionNode = FALSE
	EndGlobalSection
	GlobalSection(ExtensibilityGlobals) = postSolution
		SolutionGuid = {6FE181AF-2219-44AD-9F8B-254062FC7A04}
	EndGlobalSection
EndGlobal
